
Microsoft Visual Studio Solution File, Format Version 12.00
# Visual Studio Version 16
VisualStudioVersion = 16.0.29721.120
MinimumVisualStudioVersion = 10.0.40219.1
Project("{9A19103F-16F7-4668-BE54-9A1E7A4F7556}") = "Bangkok.Models", "Bangkok.Models\Bangkok.Models.csproj", "{1293B92E-A103-4894-8FD6-A198C7BCE577}"
EndProject
Project("{9A19103F-16F7-4668-BE54-9A1E7A4F7556}") = "Bangkok.EF", "Bangkok.EF\Bangkok.EF.csproj", "{DFD9B851-6881-4FE8-AFBC-FA774E1CFEBE}"
EndProject
Project("{9A19103F-16F7-4668-BE54-9A1E7A4F7556}") = "Bangkok.EF.StartupEmulator", "Bangkok.EF.StartupEmulator\Bangkok.EF.StartupEmulator.csproj", "{872894B8-7EE9-41F7-9BA2-D3E635D20BA6}"
EndProject
Project("{9A19103F-16F7-4668-BE54-9A1E7A4F7556}") = "Bangkok.Web", "Bangkok.Web\Bangkok.Web.csproj", "{A4821B24-8E0B-4D10-9777-7273E634DEFC}"
EndProject
Global
	GlobalSection(SolutionConfigurationPlatforms) = preSolution
		Debug|Any CPU = Debug|Any CPU
		Release|Any CPU = Release|Any CPU
	EndGlobalSection
	GlobalSection(ProjectConfigurationPlatforms) = postSolution
		{1293B92E-A103-4894-8FD6-A198C7BCE577}.Debug|Any CPU.ActiveCfg = Debug|Any CPU
		{1293B92E-A103-4894-8FD6-A198C7BCE577}.Debug|Any CPU.Build.0 = Debug|Any CPU
		{1293B92E-A103-4894-8FD6-A198C7BCE577}.Release|Any CPU.ActiveCfg = Release|Any CPU
		{1293B92E-A103-4894-8FD6-A198C7BCE577}.Release|Any CPU.Build.0 = Release|Any CPU
		{DFD9B851-6881-4FE8-AFBC-FA774E1CFEBE}.Debug|Any CPU.ActiveCfg = Debug|Any CPU
		{DFD9B851-6881-4FE8-AFBC-FA774E1CFEBE}.Debug|Any CPU.Build.0 = Debug|Any CPU
		{DFD9B851-6881-4FE8-AFBC-FA774E1CFEBE}.Release|Any CPU.ActiveCfg = Release|Any CPU
		{DFD9B851-6881-4FE8-AFBC-FA774E1CFEBE}.Release|Any CPU.Build.0 = Release|Any CPU
		{872894B8-7EE9-41F7-9BA2-D3E635D20BA6}.Debug|Any CPU.ActiveCfg = Debug|Any CPU
		{872894B8-7EE9-41F7-9BA2-D3E635D20BA6}.Debug|Any CPU.Build.0 = Debug|Any CPU
		{872894B8-7EE9-41F7-9BA2-D3E635D20BA6}.Release|Any CPU.ActiveCfg = Release|Any CPU
		{872894B8-7EE9-41F7-9BA2-D3E635D20BA6}.Release|Any CPU.Build.0 = Release|Any CPU
		{A4821B24-8E0B-4D10-9777-7273E634DEFC}.Debug|Any CPU.ActiveCfg = Debug|Any CPU
		{A4821B24-8E0B-4D10-9777-7273E634DEFC}.Debug|Any CPU.Build.0 = Debug|Any CPU
		{A4821B24-8E0B-4D10-9777-7273E634DEFC}.Release|Any CPU.ActiveCfg = Release|Any CPU
		{A4821B24-8E0B-4D10-9777-7273E634DEFC}.Release|Any CPU.Build.0 = Release|Any CPU
	EndGlobalSection
	GlobalSection(SolutionProperties) = preSolution
		HideSolutionNode = FALSE
	EndGlobalSection
	GlobalSection(ExtensibilityGlobals) = postSolution
		SolutionGuid = {A8FB9E8B-518C-480A-B134-1DCCC79796CF}
	EndGlobalSection
EndGlobal
